// !$*UTF8*$!
{
	archiveVersion = 1;
	classes = {
	};
	objectVersion = 46;
	objects = {

/* Begin PBXBuildFile section */
		46F44E951E5D6FF10008A470 /* AppDelegate.swift in Sources */ = {isa = PBXBuildFile; fileRef = 46F44E941E5D6FF10008A470 /* AppDelegate.swift */; };
		46F44E971E5D6FF10008A470 /* ViewController.swift in Sources */ = {isa = PBXBuildFile; fileRef = 46F44E961E5D6FF10008A470 /* ViewController.swift */; };
		46F44E9A1E5D6FF10008A470 /* Main.storyboard in Resources */ = {isa = PBXBuildFile; fileRef = 46F44E981E5D6FF10008A470 /* Main.storyboard */; };
		46F44E9C1E5D6FF10008A470 /* Assets.xcassets in Resources */ = {isa = PBXBuildFile; fileRef = 46F44E9B1E5D6FF10008A470 /* Assets.xcassets */; };
		46F44E9F1E5D6FF10008A470 /* LaunchScreen.storyboard in Resources */ = {isa = PBXBuildFile; fileRef = 46F44E9D1E5D6FF10008A470 /* LaunchScreen.storyboard */; };
/* End PBXBuildFile section */

/* Begin PBXFileReference section */
		46F44E911E5D6FF10008A470 /* CustomTabCenterBig.app */ = {isa = PBXFileReference; explicitFileType = wrapper.application; includeInIndex = 0; path = CustomTabCenterBig.app; sourceTree = BUILT_PRODUCTS_DIR; };
		46F44E941E5D6FF10008A470 /* AppDelegate.swift */ = {isa = PBXFileReference; lastKnownFileType = sourcecode.swift; path = AppDelegate.swift; sourceTree = "<group>"; };
		46F44E961E5D6FF10008A470 /* ViewController.swift */ = {isa = PBXFileReference; lastKnownFileType = sourcecode.swift; path = ViewController.swift; sourceTree = "<group>"; };
		46F44E991E5D6FF10008A470 /* Base */ = {isa = PBXFileReference; lastKnownFileType = file.storyboard; name = Base; path = Base.lproj/Main.storyboard; sourceTree = "<group>"; };
		46F44E9B1E5D6FF10008A470 /* Assets.xcassets */ = {isa = PBXFileReference; lastKnownFileType = folder.assetcatalog; path = Assets.xcassets; sourceTree = "<group>"; };
		46F44E9E1E5D6FF10008A470 /* Base */ = {isa = PBXFileReference; lastKnownFileType = file.storyboard; name = Base; path = Base.lproj/LaunchScreen.storyboard; sourceTree = "<group>"; };
		46F44EA01E5D6FF10008A470 /* Info.plist */ = {isa = PBXFileReference; lastKnownFileType = text.plist.xml; path = Info.plist; sourceTree = "<group>"; };
/* End PBXFileReference section */

/* Begin PBXFrameworksBuildPhase section */
		46F44E8E1E5D6FF10008A470 /* Frameworks */ = {
			isa = PBXFrameworksBuildPhase;
			buildActionMask = 2147483647;
			files = (
			);
			runOnlyForDeploymentPostprocessing = 0;
		};
/* End PBXFrameworksBuildPhase section */

/* Begin PBXGroup section */
		46F44E881E5D6FF10008A470 = {
			isa = PBXGroup;
			children = (
				46F44E931E5D6FF10008A470 /* CustomTabCenterBig */,
				46F44E921E5D6FF10008A470 /* Products */,
			);
			sourceTree = "<group>";
		};
		46F44E921E5D6FF10008A470 /* Products */ = {
			isa = PBXGroup;
			children = (
				46F44E911E5D6FF10008A470 /* CustomTabCenterBig.app */,
			);
			name = Products;
			sourceTree = "<group>";
		};
		46F44E931E5D6FF10008A470 /* CustomTabCenterBig */ = {
			isa = PBXGroup;
			children = (
				46F44E941E5D6FF10008A470 /* AppDelegate.swift */,
				46F44E961E5D6FF10008A470 /* ViewController.swift */,
				46F44E981E5D6FF10008A470 /* Main.storyboard */,
				46F44E9B1E5D6FF10008A470 /* Assets.xcassets */,
				46F44E9D1E5D6FF10008A470 /* LaunchScreen.storyboard */,
				46F44EA01E5D6FF10008A470 /* Info.plist */,
			);
			path = CustomTabCenterBig;
			sourceTree = "<group>";
		};
/* End PBXGroup section */

/* Begin PBXNativeTarget section */
		46F44E901E5D6FF10008A470 /* CustomTabCenterBig */ = {
			isa = PBXNativeTarget;
			buildConfigurationList = 46F44EA31E5D6FF10008A470 /* Build configuration list for PBXNativeTarget "CustomTabCenterBig" */;
			buildPhases = (
				46F44E8D1E5D6FF10008A470 /* Sources */,
				46F44E8E1E5D6FF10008A470 /* Frameworks */,
				46F44E8F1E5D6FF10008A470 /* Resources */,
			);
			buildRules = (
			);
			dependencies = (
			);
			name = CustomTabCenterBig;
			productName = CustomTabCenterBig;
			productReference = 46F44E911E5D6FF10008A470 /* CustomTabCenterBig.app */;
			productType = "com.apple.product-type.application";
		};
/* End PBXNativeTarget section */

/* Begin PBXProject section */
		46F44E891E5D6FF10008A470 /* Project object */ = {
			isa = PBXProject;
			attributes = {
				LastSwiftUpdateCheck = 0820;
				LastUpgradeCheck = 0820;
				ORGANIZATIONNAME = "Nitin Gohel";
				TargetAttributes = {
					46F44E901E5D6FF10008A470 = {
						CreatedOnToolsVersion = 8.2.1;
						DevelopmentTeam = Q7V4P35X88;
						ProvisioningStyle = Automatic;
					};
				};
			};
			buildConfigurationList = 46F44E8C1E5D6FF10008A470 /* Build configuration list for PBXProject "CustomTabCenterBig" */;
			compatibilityVersion = "Xcode 3.2";
			developmentRegion = English;
			hasScannedForEncodings = 0;
			knownRegions = (
				en,
				Base,
			);
			mainGroup = 46F44E881E5D6FF10008A470;
			productRefGroup = 46F44E921E5D6FF10008A470 /* Products */;
			projectDirPath = "";
			projectRoot = "";
			targets = (
				46F44E901E5D6FF10008A470 /* CustomTabCenterBig */,
			);
		};
/* End PBXProject section */

/* Begin PBXResourcesBuildPhase section */
		46F44E8F1E5D6FF10008A470 /* Resources */ = {
			isa = PBXResourcesBuildPhase;
			buildActionMask = 2147483647;
			files = (
				46F44E9F1E5D6FF10008A470 /* LaunchScreen.storyboard in Resources */,
				46F44E9C1E5D6FF10008A470 /* Assets.xcassets in Resources */,
				46F44E9A1E5D6FF10008A470 /* Main.storyboard in Resources */,
			);
			runOnlyForDeploymentPostprocessing = 0;
		};
/* End PBXResourcesBuildPhase section */

/* Begin PBXSourcesBuildPhase section */
		46F44E8D1E5D6FF10008A470 /* Sources */ = {
			isa = PBXSourcesBuildPhase;
			buildActionMask = 2147483647;
			files = (
				46F44E971E5D6FF10008A470 /* ViewController.swift in Sources */,
				46F44E951E5D6FF10008A470 /* AppDelegate.swift in Sources */,
			);
			runOnlyForDeploymentPostprocessing = 0;
		};
/* End PBXSourcesBuildPhase section */

/* Begin PBXVariantGroup section */
		46F44E981E5D6FF10008A470 /* Main.storyboard */ = {
			isa = PBXVariantGroup;
			children = (
				46F44E991E5D6FF10008A470 /* Base */,
			);
			name = Main.storyboard;
			sourceTree = "<group>";
		};
		46F44E9D1E5D6FF10008A470 /* LaunchScreen.storyboard */ = {
			isa = PBXVariantGroup;
			children = (
				46F44E9E1E5D6FF10008A470 /* Base */,
			);
			name = LaunchScreen.storyboard;
			sourceTree = "<group>";
		};
/* End PBXVariantGroup section */

/* Begin XCBuildConfiguration section */
		46F44EA11E5D6FF10008A470 /* Debug */ = {
			isa = XCBuildConfiguration;
			buildSettings = {
				ALWAYS_SEARCH_USER_PATHS = NO;
				CLANG_ANALYZER_NONNULL = YES;
				CLANG_CXX_LANGUAGE_STANDARD = "gnu++0x";
				CLANG_CXX_LIBRARY = "libc++";
				CLANG_ENABLE_MODULES = YES;
				CLANG_ENABLE_OBJC_ARC = YES;
				CLANG_WARN_BOOL_CONVERSION = YES;
				CLANG_WARN_CONSTANT_CONVERSION = YES;
				CLANG_WARN_DIRECT_OBJC_ISA_USAGE = YES_ERROR;
				CLANG_WARN_DOCUMENTATION_COMMENTS = YES;
				CLANG_WARN_EMPTY_BODY = YES;
				CLANG_WARN_ENUM_CONVERSION = YES;
				CLANG_WARN_INFINITE_RECURSION = YES;
				CLANG_WARN_INT_CONVERSION = YES;
				CLANG_WARN_OBJC_ROOT_CLASS = YES_ERROR;
				CLANG_WARN_SUSPICIOUS_MOVE = YES;
				CLANG_WARN_UNREACHABLE_CODE = YES;
				CLANG_WARN__DUPLICATE_METHOD_MATCH = YES;
				"CODE_SIGN_IDENTITY[sdk=iphoneos*]" = "iPhone Developer";
				COPY_PHASE_STRIP = NO;
				DEBUG_INFORMATION_FORMAT = dwarf;
				ENABLE_STRICT_OBJC_MSGSEND = YES;
				ENABLE_TESTABILITY = YES;
				GCC_C_LANGUAGE_STANDARD = gnu99;
				GCC_DYNAMIC_NO_PIC = NO;
				GCC_NO_COMMON_BLOCKS = YES;
				GCC_OPTIMIZATION_LEVEL = 0;
				GCC_PREPROCESSOR_DEFINITIONS = (
					"DEBUG=1",
					"$(inherited)",
				);
				GCC_WARN_64_TO_32_BIT_CONVERSION = YES;
				GCC_WARN_ABOUT_RETURN_TYPE = YES_ERROR;
				GCC_WARN_UNDECLARED_SELECTOR = YES;
				GCC_WARN_UNINITIALIZED_AUTOS = YES_AGGRESSIVE;
				GCC_WARN_UNUSED_FUNCTION = YES;
				GCC_WARN_UNUSED_VARIABLE = YES;
				IPHONEOS_DEPLOYMENT_TARGET = 10.2;
				MTL_ENABLE_DEBUG_INFO = YES;
				ONLY_ACTIVE_ARCH = YES;
				SDKROOT = iphoneos;
				SWIFT_ACTIVE_COMPILATION_CONDITIONS = DEBUG;
				SWIFT_OPTIMIZATION_LEVEL = "-Onone";
			};
			name = Debug;
		};
		46F44EA21E5D6FF10008A470 /* Release */ = {
			isa = XCBuildConfiguration;
			buildSettings = {
				ALWAYS_SEARCH_USER_PATHS = NO;
				CLANG_ANALYZER_NONNULL = YES;
				CLANG_CXX_LANGUAGE_STANDARD = "gnu++0x";
				CLANG_CXX_LIBRARY = "libc++";
				CLANG_ENABLE_MODULES = YES;
				CLANG_ENABLE_OBJC_ARC = YES;
				CLANG_WARN_BOOL_CONVERSION = YES;
				CLANG_WARN_CONSTANT_CONVERSION = YES;
				CLANG_WARN_DIRECT_OBJC_ISA_USAGE = YES_ERROR;
				CLANG_WARN_DOCUMENTATION_COMMENTS = YES;
				CLANG_WARN_EMPTY_BODY = YES;
				CLANG_WARN_ENUM_CONVERSION = YES;
				CLANG_WARN_INFINITE_RECURSION = YES;
				CLANG_WARN_INT_CONVERSION = YES;
				CLANG_WARN_OBJC_ROOT_CLASS = YES_ERROR;
				CLANG_WARN_SUSPICIOUS_MOVE = YES;
				CLANG_WARN_UNREACHABLE_CODE = YES;
				CLANG_WARN__DUPLICATE_METHOD_MATCH = YES;
				"CODE_SIGN_IDENTITY[sdk=iphoneos*]" = "iPhone Developer";
				COPY_PHASE_STRIP = NO;
				DEBUG_INFORMATION_FORMAT = "dwarf-with-dsym";
				ENABLE_NS_ASSERTIONS = NO;
				ENABLE_STRICT_OBJC_MSGSEND = YES;
				GCC_C_LANGUAGE_STANDARD = gnu99;
				GCC_NO_COMMON_BLOCKS = YES;
				GCC_WARN_64_TO_32_BIT_CONVERSION = YES;
				GCC_WARN_ABOUT_RETURN_TYPE = YES_ERROR;
				GCC_WARN_UNDECLARED_SELECTOR = YES;
				GCC_WARN_UNINITIALIZED_AUTOS = YES_AGGRESSIVE;
				GCC_WARN_UNUSED_FUNCTION = YES;
				GCC_WARN_UNUSED_VARIABLE = YES;
				IPHONEOS_DEPLOYMENT_TARGET = 10.2;
				MTL_ENABLE_DEBUG_INFO = NO;
				SDKROOT = iphoneos;
				SWIFT_OPTIMIZATION_LEVEL = "-Owholemodule";
				VALIDATE_PRODUCT = YES;
			};
			name = Release;
		};
		46F44EA41E5D6FF10008A470 /* Debug */ = {
			isa = XCBuildConfiguration;
			buildSettings = {
				ASSETCATALOG_COMPILER_APPICON_NAME = AppIcon;
				DEVELOPMENT_TEAM = Q7V4P35X88;
				INFOPLIST_FILE = CustomTabCenterBig/Info.plist;
				LD_RUNPATH_SEARCH_PATHS = "$(inherited) @executable_path/Frameworks";
				PRODUCT_BUNDLE_IDENTIFIER = com.iosapp.CustomTabCenterBig;
				PRODUCT_NAME = "$(TARGET_NAME)";
				SWIFT_VERSION = 3.0;
			};
			name = Debug;
		};
		46F44EA51E5D6FF10008A470 /* Release */ = {
			isa = XCBuildConfiguration;
			buildSettings = {
				ASSETCATALOG_COMPILER_APPICON_NAME = AppIcon;
				DEVELOPMENT_TEAM = Q7V4P35X88;
				INFOPLIST_FILE = CustomTabCenterBig/Info.plist;
				LD_RUNPATH_SEARCH_PATHS = "$(inherited) @executable_path/Frameworks";
				PRODUCT_BUNDLE_IDENTIFIER = com.iosapp.CustomTabCenterBig;
				PRODUCT_NAME = "$(TARGET_NAME)";
				SWIFT_VERSION = 3.0;
			};
			name = Release;
		};
/* End XCBuildConfiguration section */

/* Begin XCConfigurationList section */
		46F44E8C1E5D6FF10008A470 /* Build configuration list for PBXProject "CustomTabCenterBig" */ = {
			isa = XCConfigurationList;
			buildConfigurations = (
				46F44EA11E5D6FF10008A470 /* Debug */,
				46F44EA21E5D6FF10008A470 /* Release */,
			);
			defaultConfigurationIsVisible = 0;
			defaultConfigurationName = Release;
		};
		46F44EA31E5D6FF10008A470 /* Build configuration list for PBXNativeTarget "CustomTabCenterBig" */ = {
			isa = XCConfigurationList;
			buildConfigurations = (
				46F44EA41E5D6FF10008A470 /* Debug */,
				46F44EA51E5D6FF10008A470 /* Release */,
			);
			defaultConfigurationIsVisible = 0;
		};
/* End XCConfigurationList section */
	};
	rootObject = 46F44E891E5D6FF10008A470 /* Project object */;
}
